
Microsoft Visual Studio Solution File, Format Version 12.00
# Visual Studio Version 17
VisualStudioVersion = 17.4.33110.190
MinimumVisualStudioVersion = 10.0.40219.1
Project("{9A19103F-16F7-4668-BE54-9A1E7A4F7556}") = "M01_Grundlagen", "Grundlagen\M01_Grundlagen.csproj", "{28EE0EDB-34EC-475A-9D93-9EAB73158092}"
EndProject
Project("{9A19103F-16F7-4668-BE54-9A1E7A4F7556}") = "M02_Controls", "Controls\M02_Controls.csproj", "{460BBCDE-0EBA-4FF5-89FF-204DB870E305}"
EndProject
Project("{9A19103F-16F7-4668-BE54-9A1E7A4F7556}") = "Personendatenbank", "Personendatenbank\Personendatenbank.csproj", "{34D4DD3D-F7D6-4874-84D0-35FB4731A633}"
EndProject
Project("{9A19103F-16F7-4668-BE54-9A1E7A4F7556}") = "M03_Container", "Container\M03_Container.csproj", "{79C6CC95-9B99-4C1A-B5C5-C10B2347E5F2}"
EndProject
Project("{9A19103F-16F7-4668-BE54-9A1E7A4F7556}") = "M04_EventRouting", "EventRouting\M04_EventRouting.csproj", "{73D997CB-69C7-4A04-9899-23E53C15FEBE}"
EndProject
Project("{9A19103F-16F7-4668-BE54-9A1E7A4F7556}") = "M05_PropertyBinding", "PropertyBinding\M05_PropertyBinding.csproj", "{4FD5631A-ADDC-477D-B00D-BB614F5C680B}"
EndProject
Project("{9A19103F-16F7-4668-BE54-9A1E7A4F7556}") = "ColorPicker", "ColorPicker\ColorPicker.csproj", "{03C39987-13A4-4C7B-B8F0-A9F4DFC33C12}"
EndProject
Project("{9A19103F-16F7-4668-BE54-9A1E7A4F7556}") = "M06_DataBinding", "DataBinding\M06_DataBinding.csproj", "{498EEAAD-A430-4AFE-83FB-B63664A61D49}"
EndProject
Project("{9A19103F-16F7-4668-BE54-9A1E7A4F7556}") = "M07_Resources_Styles", "Resources_Styles\M07_Resources_Styles.csproj", "{79B00706-3E14-42A6-94D7-B7684484376D}"
EndProject
Project("{9A19103F-16F7-4668-BE54-9A1E7A4F7556}") = "M08_Templates", "Templates\M08_Templates.csproj", "{68064185-CA55-4784-B1D7-541F826D3B56}"
EndProject
Global
	GlobalSection(SolutionConfigurationPlatforms) = preSolution
		Debug|Any CPU = Debug|Any CPU
		Release|Any CPU = Release|Any CPU
	EndGlobalSection
	GlobalSection(ProjectConfigurationPlatforms) = postSolution
		{28EE0EDB-34EC-475A-9D93-9EAB73158092}.Debug|Any CPU.ActiveCfg = Debug|Any CPU
		{28EE0EDB-34EC-475A-9D93-9EAB73158092}.Debug|Any CPU.Build.0 = Debug|Any CPU
		{28EE0EDB-34EC-475A-9D93-9EAB73158092}.Release|Any CPU.ActiveCfg = Release|Any CPU
		{28EE0EDB-34EC-475A-9D93-9EAB73158092}.Release|Any CPU.Build.0 = Release|Any CPU
		{460BBCDE-0EBA-4FF5-89FF-204DB870E305}.Debug|Any CPU.ActiveCfg = Debug|Any CPU
		{460BBCDE-0EBA-4FF5-89FF-204DB870E305}.Debug|Any CPU.Build.0 = Debug|Any CPU
		{460BBCDE-0EBA-4FF5-89FF-204DB870E305}.Release|Any CPU.ActiveCfg = Release|Any CPU
		{460BBCDE-0EBA-4FF5-89FF-204DB870E305}.Release|Any CPU.Build.0 = Release|Any CPU
		{34D4DD3D-F7D6-4874-84D0-35FB4731A633}.Debug|Any CPU.ActiveCfg = Debug|Any CPU
		{34D4DD3D-F7D6-4874-84D0-35FB4731A633}.Debug|Any CPU.Build.0 = Debug|Any CPU
		{34D4DD3D-F7D6-4874-84D0-35FB4731A633}.Release|Any CPU.ActiveCfg = Release|Any CPU
		{34D4DD3D-F7D6-4874-84D0-35FB4731A633}.Release|Any CPU.Build.0 = Release|Any CPU
		{79C6CC95-9B99-4C1A-B5C5-C10B2347E5F2}.Debug|Any CPU.ActiveCfg = Debug|Any CPU
		{79C6CC95-9B99-4C1A-B5C5-C10B2347E5F2}.Debug|Any CPU.Build.0 = Debug|Any CPU
		{79C6CC95-9B99-4C1A-B5C5-C10B2347E5F2}.Release|Any CPU.ActiveCfg = Release|Any CPU
		{79C6CC95-9B99-4C1A-B5C5-C10B2347E5F2}.Release|Any CPU.Build.0 = Release|Any CPU
		{73D997CB-69C7-4A04-9899-23E53C15FEBE}.Debug|Any CPU.ActiveCfg = Debug|Any CPU
		{73D997CB-69C7-4A04-9899-23E53C15FEBE}.Debug|Any CPU.Build.0 = Debug|Any CPU
		{73D997CB-69C7-4A04-9899-23E53C15FEBE}.Release|Any CPU.ActiveCfg = Release|Any CPU
		{73D997CB-69C7-4A04-9899-23E53C15FEBE}.Release|Any CPU.Build.0 = Release|Any CPU
		{4FD5631A-ADDC-477D-B00D-BB614F5C680B}.Debug|Any CPU.ActiveCfg = Debug|Any CPU
		{4FD5631A-ADDC-477D-B00D-BB614F5C680B}.Debug|Any CPU.Build.0 = Debug|Any CPU
		{4FD5631A-ADDC-477D-B00D-BB614F5C680B}.Release|Any CPU.ActiveCfg = Release|Any CPU
		{4FD5631A-ADDC-477D-B00D-BB614F5C680B}.Release|Any CPU.Build.0 = Release|Any CPU
		{03C39987-13A4-4C7B-B8F0-A9F4DFC33C12}.Debug|Any CPU.ActiveCfg = Debug|Any CPU
		{03C39987-13A4-4C7B-B8F0-A9F4DFC33C12}.Debug|Any CPU.Build.0 = Debug|Any CPU
		{03C39987-13A4-4C7B-B8F0-A9F4DFC33C12}.Release|Any CPU.ActiveCfg = Release|Any CPU
		{03C39987-13A4-4C7B-B8F0-A9F4DFC33C12}.Release|Any CPU.Build.0 = Release|Any CPU
		{498EEAAD-A430-4AFE-83FB-B63664A61D49}.Debug|Any CPU.ActiveCfg = Debug|Any CPU
		{498EEAAD-A430-4AFE-83FB-B63664A61D49}.Debug|Any CPU.Build.0 = Debug|Any CPU
		{498EEAAD-A430-4AFE-83FB-B63664A61D49}.Release|Any CPU.ActiveCfg = Release|Any CPU
		{498EEAAD-A430-4AFE-83FB-B63664A61D49}.Release|Any CPU.Build.0 = Release|Any CPU
		{79B00706-3E14-42A6-94D7-B7684484376D}.Debug|Any CPU.ActiveCfg = Debug|Any CPU
		{79B00706-3E14-42A6-94D7-B7684484376D}.Debug|Any CPU.Build.0 = Debug|Any CPU
		{79B00706-3E14-42A6-94D7-B7684484376D}.Release|Any CPU.ActiveCfg = Release|Any CPU
		{79B00706-3E14-42A6-94D7-B7684484376D}.Release|Any CPU.Build.0 = Release|Any CPU
		{68064185-CA55-4784-B1D7-541F826D3B56}.Debug|Any CPU.ActiveCfg = Debug|Any CPU
		{68064185-CA55-4784-B1D7-541F826D3B56}.Debug|Any CPU.Build.0 = Debug|Any CPU
		{68064185-CA55-4784-B1D7-541F826D3B56}.Release|Any CPU.ActiveCfg = Release|Any CPU
		{68064185-CA55-4784-B1D7-541F826D3B56}.Release|Any CPU.Build.0 = Release|Any CPU
	EndGlobalSection
	GlobalSection(SolutionProperties) = preSolution
		HideSolutionNode = FALSE
	EndGlobalSection
	GlobalSection(ExtensibilityGlobals) = postSolution
		SolutionGuid = {34F4863F-5DF5-4634-9C5A-40D2407175DF}
	EndGlobalSection
EndGlobal
